
Microsoft Visual Studio Solution File, Format Version 12.00
# Visual Studio Version 17
VisualStudioVersion = 17.5.002.0
MinimumVisualStudioVersion = 10.0.40219.1
Project("{9A19103F-16F7-4668-BE54-9A1E7A4F7556}") = "module2lab", "module2lab.csproj", "{70A9BB8D-7C28-474E-A6F0-C8EDA2D2AA06}"
EndProject
Project("{9A19103F-16F7-4668-BE54-9A1E7A4F7556}") = "PizzaPartyCalculator", "PizzaPartyCalculator\PizzaPartyCalculator.csproj", "{AE75F01D-D431-454E-8C32-D77691539FCD}"
EndProject
Global
	GlobalSection(SolutionConfigurationPlatforms) = preSolution
		Debug|Any CPU = Debug|Any CPU
		Release|Any CPU = Release|Any CPU
	EndGlobalSection
	GlobalSection(ProjectConfigurationPlatforms) = postSolution
		{70A9BB8D-7C28-474E-A6F0-C8EDA2D2AA06}.Debug|Any CPU.ActiveCfg = Debug|Any CPU
		{70A9BB8D-7C28-474E-A6F0-C8EDA2D2AA06}.Debug|Any CPU.Build.0 = Debug|Any CPU
		{70A9BB8D-7C28-474E-A6F0-C8EDA2D2AA06}.Release|Any CPU.ActiveCfg = Release|Any CPU
		{70A9BB8D-7C28-474E-A6F0-C8EDA2D2AA06}.Release|Any CPU.Build.0 = Release|Any CPU
		{AE75F01D-D431-454E-8C32-D77691539FCD}.Debug|Any CPU.ActiveCfg = Debug|Any CPU
		{AE75F01D-D431-454E-8C32-D77691539FCD}.Debug|Any CPU.Build.0 = Debug|Any CPU
		{AE75F01D-D431-454E-8C32-D77691539FCD}.Release|Any CPU.ActiveCfg = Release|Any CPU
		{AE75F01D-D431-454E-8C32-D77691539FCD}.Release|Any CPU.Build.0 = Release|Any CPU
	EndGlobalSection
	GlobalSection(SolutionProperties) = preSolution
		HideSolutionNode = FALSE
	EndGlobalSection
	GlobalSection(ExtensibilityGlobals) = postSolution
		SolutionGuid = {6A65B8DB-00D9-4C63-B7C7-3D107F413B14}
	EndGlobalSection
EndGlobal
