
Microsoft Visual Studio Solution File, Format Version 12.00
# Visual Studio Version 17
VisualStudioVersion = 17.5.002.0
MinimumVisualStudioVersion = 10.0.40219.1
Project("{9A19103F-16F7-4668-BE54-9A1E7A4F7556}") = "module2lab", "module2lab.csproj", "{96F015E9-BF49-4360-8806-CA55A87617A4}"
EndProject
Project("{9A19103F-16F7-4668-BE54-9A1E7A4F7556}") = "PizzaPartyCalculator", "PizzaPartyCalculator\PizzaPartyCalculator.csproj", "{C8170A57-7427-46B6-A3D4-A8421286F0EB}"
EndProject
Global
	GlobalSection(SolutionConfigurationPlatforms) = preSolution
		Debug|Any CPU = Debug|Any CPU
		Release|Any CPU = Release|Any CPU
	EndGlobalSection
	GlobalSection(ProjectConfigurationPlatforms) = postSolution
		{96F015E9-BF49-4360-8806-CA55A87617A4}.Debug|Any CPU.ActiveCfg = Debug|Any CPU
		{96F015E9-BF49-4360-8806-CA55A87617A4}.Debug|Any CPU.Build.0 = Debug|Any CPU
		{96F015E9-BF49-4360-8806-CA55A87617A4}.Release|Any CPU.ActiveCfg = Release|Any CPU
		{96F015E9-BF49-4360-8806-CA55A87617A4}.Release|Any CPU.Build.0 = Release|Any CPU
		{C8170A57-7427-46B6-A3D4-A8421286F0EB}.Debug|Any CPU.ActiveCfg = Debug|Any CPU
		{C8170A57-7427-46B6-A3D4-A8421286F0EB}.Debug|Any CPU.Build.0 = Debug|Any CPU
		{C8170A57-7427-46B6-A3D4-A8421286F0EB}.Release|Any CPU.ActiveCfg = Release|Any CPU
		{C8170A57-7427-46B6-A3D4-A8421286F0EB}.Release|Any CPU.Build.0 = Release|Any CPU
	EndGlobalSection
	GlobalSection(SolutionProperties) = preSolution
		HideSolutionNode = FALSE
	EndGlobalSection
	GlobalSection(ExtensibilityGlobals) = postSolution
		SolutionGuid = {6A65B8DB-00D9-4C63-B7C7-3D107F413B14}
	EndGlobalSection
EndGlobal
